# This file is automatically @generated by Cargo.
# It is not intended for manual editing.
version = 3

[[package]]
name = "capstone"
version = "0.11.0"
source = "registry+https://github.com/rust-lang/crates.io-index"
checksum = "1097e608594dad3bad608295567f757742b883606fe150faf7a9740b849730d8"
dependencies = [
 "capstone-sys",
 "libc",
]

[[package]]
name = "capstone-sys"
version = "0.15.0"
source = "registry+https://github.com/rust-lang/crates.io-index"
checksum = "2e7f651d5ec4c2a2e6c508f2c8032655003cd728ec85663e9796616990e25b5a"
dependencies = [
 "cc",
 "libc",
]

[[package]]
name = "cc"
version = "1.0.74"
source = "registry+https://github.com/rust-lang/crates.io-index"
checksum = "581f5dba903aac52ea3feb5ec4810848460ee833876f1f9b0fdeab1f19091574"

[[package]]
name = "libc"
version = "0.2.137"
source = "registry+https://github.com/rust-lang/crates.io-index"
checksum = "fc7fcc620a3bff7cdd7a365be3376c97191aeaccc2a603e600951e452615bf89"

[[package]]
name = "trace_analysis"
version = "0.1.0"
dependencies = [
 "capstone",
]
